<?xml version="1.0" encoding="utf-8"?>
<Project ToolsVersion="4.0" xmlns="http://schemas.microsoft.com/developer/msbuild/2003">
  <ItemGroup>
    <Filter Include="win32">
      <UniqueIdentifier>{84a8ebd7-7cf0-47f6-b75e-d441df67da40}</UniqueIdentifier>
    </Filter>
    <Filter Include="Classes">
      <UniqueIdentifier>{bb6c862e-70e9-49d9-81b7-3829a6f50471}</UniqueIdentifier>
    </Filter>
    <Filter Include="model">
      <UniqueIdentifier>{414ae52c-7e35-4ac5-9615-16287f9be1be}</UniqueIdentifier>
    </Filter>
    <Filter Include="util">
      <UniqueIdentifier>{86521238-8ddc-4797-bd07-5a5db2c2efbe}</UniqueIdentifier>
    </Filter>
    <Filter Include="ui">
      <UniqueIdentifier>{3571ff4b-a04f-4ab2-8731-dec565585e15}</UniqueIdentifier>
    </Filter>
    <Filter Include="Controller">
      <UniqueIdentifier>{787a6ae0-e34f-4b76-aa66-667c4a14ed83}</UniqueIdentifier>
    </Filter>
    <Filter Include="snake">
      <UniqueIdentifier>{996dd8c8-2eaa-4567-b317-100222332b3a}</UniqueIdentifier>
    </Filter>
    <Filter Include="util\rapaidxml">
      <UniqueIdentifier>{176cf16d-cfa6-40f5-8792-340e7a309979}</UniqueIdentifier>
    </Filter>
  </ItemGroup>
  <ItemGroup>
    <ClCompile Include="main.cpp">
      <Filter>win32</Filter>
    </ClCompile>
    <ClCompile Include="..\Classes\AppDelegate.cpp">
      <Filter>Classes</Filter>
    </ClCompile>
    <ClCompile Include="..\Classes\CommonUtil.cpp">
      <Filter>util</Filter>
    </ClCompile>
    <ClCompile Include="..\Classes\JoyStick.cpp">
      <Filter>Controller</Filter>
    </ClCompile>
    <ClCompile Include="..\Classes\MainScene.cpp">
      <Filter>Classes</Filter>
    </ClCompile>
    <ClCompile Include="..\Classes\GameLayer.cpp">
      <Filter>ui</Filter>
    </ClCompile>
    <ClCompile Include="..\Classes\UiLayer.cpp">
      <Filter>ui</Filter>
    </ClCompile>
    <ClCompile Include="..\Classes\TestScene.cpp">
      <Filter>ui</Filter>
    </ClCompile>
    <ClCompile Include="..\Classes\GameConfig.cpp">
      <Filter>model</Filter>
    </ClCompile>
    <ClCompile Include="..\Classes\Snake.cpp">
      <Filter>snake</Filter>
    </ClCompile>
    <ClCompile Include="..\Classes\EnemySnake.cpp">
      <Filter>snake</Filter>
    </ClCompile>
    <ClCompile Include="..\Classes\UiLayout.cpp">
      <Filter>util</Filter>
    </ClCompile>
    <ClCompile Include="..\Classes\EmptyBox.cpp">
      <Filter>util</Filter>
    </ClCompile>
    <ClCompile Include="..\Classes\PlayerSnake.cpp">
      <Filter>snake</Filter>
    </ClCompile>
    <ClCompile Include="..\Classes\SnakeController.cpp">
      <Filter>Controller</Filter>
    </ClCompile>
  </ItemGroup>
  <ItemGroup>
    <ClInclude Include="main.h">
      <Filter>win32</Filter>
    </ClInclude>
    <ClInclude Include="..\Classes\AppDelegate.h">
      <Filter>Classes</Filter>
    </ClInclude>
    <ClInclude Include="..\Classes\CommonUtil.h">
      <Filter>util</Filter>
    </ClInclude>
    <ClInclude Include="..\Classes\JoyStick.h">
      <Filter>Controller</Filter>
    </ClInclude>
    <ClInclude Include="..\Classes\MainScene.h">
      <Filter>Classes</Filter>
    </ClInclude>
    <ClInclude Include="..\Classes\GameLayer.h">
      <Filter>ui</Filter>
    </ClInclude>
    <ClInclude Include="..\Classes\UiLayer.h">
      <Filter>ui</Filter>
    </ClInclude>
    <ClInclude Include="..\Classes\TestScene.h">
      <Filter>ui</Filter>
    </ClInclude>
    <ClInclude Include="..\Classes\GameConfig.h">
      <Filter>model</Filter>
    </ClInclude>
    <ClInclude Include="..\Classes\Snake.h">
      <Filter>snake</Filter>
    </ClInclude>
    <ClInclude Include="..\Classes\EnemySnake.h">
      <Filter>snake</Filter>
    </ClInclude>
    <ClInclude Include="..\Classes\CommonMacro.h">
      <Filter>Classes</Filter>
    </ClInclude>
    <ClInclude Include="..\Classes\UiLayout.h">
      <Filter>util</Filter>
    </ClInclude>
    <ClInclude Include="..\Classes\rapidxml\rapidxml.hpp">
      <Filter>util\rapaidxml</Filter>
    </ClInclude>
    <ClInclude Include="..\Classes\rapidxml\rapidxml_iterators.hpp">
      <Filter>util\rapaidxml</Filter>
    </ClInclude>
    <ClInclude Include="..\Classes\rapidxml\rapidxml_print.hpp">
      <Filter>util\rapaidxml</Filter>
    </ClInclude>
    <ClInclude Include="..\Classes\rapidxml\rapidxml_utils.hpp">
      <Filter>util\rapaidxml</Filter>
    </ClInclude>
    <ClInclude Include="..\Classes\EmptyBox.h">
      <Filter>util</Filter>
    </ClInclude>
    <ClInclude Include="..\Classes\PlayerSnake.h">
      <Filter>snake</Filter>
    </ClInclude>
    <ClInclude Include="..\Classes\SnakeController.h">
      <Filter>Controller</Filter>
    </ClInclude>
  </ItemGroup>
</Project>